// !$*UTF8*$!
{
	archiveVersion = 1;
	classes = {
	};
	objectVersion = 77;
	objects = {

/* Begin PBXContainerItemProxy section */
		BCBA1CA42CB3F973003CA872 /* PBXContainerItemProxy */ = {
			isa = PBXContainerItemProxy;
			containerPortal = BCBA1C852CB3F971003CA872 /* Project object */;
			proxyType = 1;
			remoteGlobalIDString = BCBA1C8C2CB3F971003CA872;
			remoteInfo = ProgramaticUIKIT;
		};
		BCBA1CAE2CB3F973003CA872 /* PBXContainerItemProxy */ = {
			isa = PBXContainerItemProxy;
			containerPortal = BCBA1C852CB3F971003CA872 /* Project object */;
			proxyType = 1;
			remoteGlobalIDString = BCBA1C8C2CB3F971003CA872;
			remoteInfo = ProgramaticUIKIT;
		};
/* End PBXContainerItemProxy section */

/* Begin PBXFileReference section */
		BCBA1C8D2CB3F971003CA872 /* ProgramaticUIKIT.app */ = {isa = PBXFileReference; explicitFileType = wrapper.application; includeInIndex = 0; path = ProgramaticUIKIT.app; sourceTree = BUILT_PRODUCTS_DIR; };
		BCBA1CA32CB3F973003CA872 /* ProgramaticUIKITTests.xctest */ = {isa = PBXFileReference; explicitFileType = wrapper.cfbundle; includeInIndex = 0; path = ProgramaticUIKITTests.xctest; sourceTree = BUILT_PRODUCTS_DIR; };
		BCBA1CAD2CB3F973003CA872 /* ProgramaticUIKITUITests.xctest */ = {isa = PBXFileReference; explicitFileType = wrapper.cfbundle; includeInIndex = 0; path = ProgramaticUIKITUITests.xctest; sourceTree = BUILT_PRODUCTS_DIR; };
/* End PBXFileReference section */

/* Begin PBXFileSystemSynchronizedBuildFileExceptionSet section */
		BCBA1CB52CB3F973003CA872 /* Exceptions for "ProgramaticUIKIT" folder in "ProgramaticUIKIT" target */ = {
			isa = PBXFileSystemSynchronizedBuildFileExceptionSet;
			membershipExceptions = (
				Info.plist,
			);
			target = BCBA1C8C2CB3F971003CA872 /* ProgramaticUIKIT */;
		};
/* End PBXFileSystemSynchronizedBuildFileExceptionSet section */

/* Begin PBXFileSystemSynchronizedRootGroup section */
		BCBA1C8F2CB3F971003CA872 /* ProgramaticUIKIT */ = {
			isa = PBXFileSystemSynchronizedRootGroup;
			exceptions = (
				BCBA1CB52CB3F973003CA872 /* Exceptions for "ProgramaticUIKIT" folder in "ProgramaticUIKIT" target */,
			);
			path = ProgramaticUIKIT;
			sourceTree = "<group>";
		};
		BCBA1CA62CB3F973003CA872 /* ProgramaticUIKITTests */ = {
			isa = PBXFileSystemSynchronizedRootGroup;
			path = ProgramaticUIKITTests;
			sourceTree = "<group>";
		};
		BCBA1CB02CB3F973003CA872 /* ProgramaticUIKITUITests */ = {
			isa = PBXFileSystemSynchronizedRootGroup;
			path = ProgramaticUIKITUITests;
			sourceTree = "<group>";
		};
/* End PBXFileSystemSynchronizedRootGroup section */

/* Begin PBXFrameworksBuildPhase section */
		BCBA1C8A2CB3F971003CA872 /* Frameworks */ = {
			isa = PBXFrameworksBuildPhase;
			buildActionMask = 2147483647;
			files = (
			);
			runOnlyForDeploymentPostprocessing = 0;
		};
		BCBA1CA02CB3F973003CA872 /* Frameworks */ = {
			isa = PBXFrameworksBuildPhase;
			buildActionMask = 2147483647;
			files = (
			);
			runOnlyForDeploymentPostprocessing = 0;
		};
		BCBA1CAA2CB3F973003CA872 /* Frameworks */ = {
			isa = PBXFrameworksBuildPhase;
			buildActionMask = 2147483647;
			files = (
			);
			runOnlyForDeploymentPostprocessing = 0;
		};
/* End PBXFrameworksBuildPhase section */

/* Begin PBXGroup section */
		BCBA1C842CB3F971003CA872 = {
			isa = PBXGroup;
			children = (
				BCBA1C8F2CB3F971003CA872 /* ProgramaticUIKIT */,
				BCBA1CA62CB3F973003CA872 /* ProgramaticUIKITTests */,
				BCBA1CB02CB3F973003CA872 /* ProgramaticUIKITUITests */,
				BCBA1C8E2CB3F971003CA872 /* Products */,
			);
			sourceTree = "<group>";
		};
		BCBA1C8E2CB3F971003CA872 /* Products */ = {
			isa = PBXGroup;
			children = (
				BCBA1C8D2CB3F971003CA872 /* ProgramaticUIKIT.app */,
				BCBA1CA32CB3F973003CA872 /* ProgramaticUIKITTests.xctest */,
				BCBA1CAD2CB3F973003CA872 /* ProgramaticUIKITUITests.xctest */,
			);
			name = Products;
			sourceTree = "<group>";
		};
/* End PBXGroup section */

/* Begin PBXNativeTarget section */
		BCBA1C8C2CB3F971003CA872 /* ProgramaticUIKIT */ = {
			isa = PBXNativeTarget;
			buildConfigurationList = BCBA1CB62CB3F973003CA872 /* Build configuration list for PBXNativeTarget "ProgramaticUIKIT" */;
			buildPhases = (
				BCBA1C892CB3F971003CA872 /* Sources */,
				BCBA1C8A2CB3F971003CA872 /* Frameworks */,
				BCBA1C8B2CB3F971003CA872 /* Resources */,
			);
			buildRules = (
			);
			dependencies = (
			);
			fileSystemSynchronizedGroups = (
				BCBA1C8F2CB3F971003CA872 /* ProgramaticUIKIT */,
			);
			name = ProgramaticUIKIT;
			packageProductDependencies = (
			);
			productName = ProgramaticUIKIT;
			productReference = BCBA1C8D2CB3F971003CA872 /* ProgramaticUIKIT.app */;
			productType = "com.apple.product-type.application";
		};
		BCBA1CA22CB3F973003CA872 /* ProgramaticUIKITTests */ = {
			isa = PBXNativeTarget;
			buildConfigurationList = BCBA1CBB2CB3F973003CA872 /* Build configuration list for PBXNativeTarget "ProgramaticUIKITTests" */;
			buildPhases = (
				BCBA1C9F2CB3F973003CA872 /* Sources */,
				BCBA1CA02CB3F973003CA872 /* Frameworks */,
				BCBA1CA12CB3F973003CA872 /* Resources */,
			);
			buildRules = (
			);
			dependencies = (
				BCBA1CA52CB3F973003CA872 /* PBXTargetDependency */,
			);
			fileSystemSynchronizedGroups = (
				BCBA1CA62CB3F973003CA872 /* ProgramaticUIKITTests */,
			);
			name = ProgramaticUIKITTests;
			packageProductDependencies = (
			);
			productName = ProgramaticUIKITTests;
			productReference = BCBA1CA32CB3F973003CA872 /* ProgramaticUIKITTests.xctest */;
			productType = "com.apple.product-type.bundle.unit-test";
		};
		BCBA1CAC2CB3F973003CA872 /* ProgramaticUIKITUITests */ = {
			isa = PBXNativeTarget;
			buildConfigurationList = BCBA1CBE2CB3F973003CA872 /* Build configuration list for PBXNativeTarget "ProgramaticUIKITUITests" */;
			buildPhases = (
				BCBA1CA92CB3F973003CA872 /* Sources */,
				BCBA1CAA2CB3F973003CA872 /* Frameworks */,
				BCBA1CAB2CB3F973003CA872 /* Resources */,
			);
			buildRules = (
			);
			dependencies = (
				BCBA1CAF2CB3F973003CA872 /* PBXTargetDependency */,
			);
			fileSystemSynchronizedGroups = (
				BCBA1CB02CB3F973003CA872 /* ProgramaticUIKITUITests */,
			);
			name = ProgramaticUIKITUITests;
			packageProductDependencies = (
			);
			productName = ProgramaticUIKITUITests;
			productReference = BCBA1CAD2CB3F973003CA872 /* ProgramaticUIKITUITests.xctest */;
			productType = "com.apple.product-type.bundle.ui-testing";
		};
/* End PBXNativeTarget section */

/* Begin PBXProject section */
		BCBA1C852CB3F971003CA872 /* Project object */ = {
			isa = PBXProject;
			attributes = {
				BuildIndependentTargetsInParallel = 1;
				LastSwiftUpdateCheck = 1600;
				LastUpgradeCheck = 1600;
				TargetAttributes = {
					BCBA1C8C2CB3F971003CA872 = {
						CreatedOnToolsVersion = 16.0;
					};
					BCBA1CA22CB3F973003CA872 = {
						CreatedOnToolsVersion = 16.0;
						TestTargetID = BCBA1C8C2CB3F971003CA872;
					};
					BCBA1CAC2CB3F973003CA872 = {
						CreatedOnToolsVersion = 16.0;
						TestTargetID = BCBA1C8C2CB3F971003CA872;
					};
				};
			};
			buildConfigurationList = BCBA1C882CB3F971003CA872 /* Build configuration list for PBXProject "ProgramaticUIKIT" */;
			developmentRegion = en;
			hasScannedForEncodings = 0;
			knownRegions = (
				en,
				Base,
			);
			mainGroup = BCBA1C842CB3F971003CA872;
			minimizedProjectReferenceProxies = 1;
			preferredProjectObjectVersion = 77;
			productRefGroup = BCBA1C8E2CB3F971003CA872 /* Products */;
			projectDirPath = "";
			projectRoot = "";
			targets = (
				BCBA1C8C2CB3F971003CA872 /* ProgramaticUIKIT */,
				BCBA1CA22CB3F973003CA872 /* ProgramaticUIKITTests */,
				BCBA1CAC2CB3F973003CA872 /* ProgramaticUIKITUITests */,
			);
		};
/* End PBXProject section */

/* Begin PBXResourcesBuildPhase section */
		BCBA1C8B2CB3F971003CA872 /* Resources */ = {
			isa = PBXResourcesBuildPhase;
			buildActionMask = 2147483647;
			files = (
			);
			runOnlyForDeploymentPostprocessing = 0;
		};
		BCBA1CA12CB3F973003CA872 /* Resources */ = {
			isa = PBXResourcesBuildPhase;
			buildActionMask = 2147483647;
			files = (
			);
			runOnlyForDeploymentPostprocessing = 0;
		};
		BCBA1CAB2CB3F973003CA872 /* Resources */ = {
			isa = PBXResourcesBuildPhase;
			buildActionMask = 2147483647;
			files = (
			);
			runOnlyForDeploymentPostprocessing = 0;
		};
/* End PBXResourcesBuildPhase section */

/* Begin PBXSourcesBuildPhase section */
		BCBA1C892CB3F971003CA872 /* Sources */ = {
			isa = PBXSourcesBuildPhase;
			buildActionMask = 2147483647;
			files = (
			);
			runOnlyForDeploymentPostprocessing = 0;
		};
		BCBA1C9F2CB3F973003CA872 /* Sources */ = {
			isa = PBXSourcesBuildPhase;
			buildActionMask = 2147483647;
			files = (
			);
			runOnlyForDeploymentPostprocessing = 0;
		};
		BCBA1CA92CB3F973003CA872 /* Sources */ = {
			isa = PBXSourcesBuildPhase;
			buildActionMask = 2147483647;
			files = (
			);
			runOnlyForDeploymentPostprocessing = 0;
		};
/* End PBXSourcesBuildPhase section */

/* Begin PBXTargetDependency section */
		BCBA1CA52CB3F973003CA872 /* PBXTargetDependency */ = {
			isa = PBXTargetDependency;
			target = BCBA1C8C2CB3F971003CA872 /* ProgramaticUIKIT */;
			targetProxy = BCBA1CA42CB3F973003CA872 /* PBXContainerItemProxy */;
		};
		BCBA1CAF2CB3F973003CA872 /* PBXTargetDependency */ = {
			isa = PBXTargetDependency;
			target = BCBA1C8C2CB3F971003CA872 /* ProgramaticUIKIT */;
			targetProxy = BCBA1CAE2CB3F973003CA872 /* PBXContainerItemProxy */;
		};
/* End PBXTargetDependency section */

/* Begin XCBuildConfiguration section */
		BCBA1CB72CB3F973003CA872 /* Debug */ = {
			isa = XCBuildConfiguration;
			buildSettings = {
				ASSETCATALOG_COMPILER_APPICON_NAME = AppIcon;
				ASSETCATALOG_COMPILER_GLOBAL_ACCENT_COLOR_NAME = AccentColor;
				CODE_SIGN_STYLE = Automatic;
				CURRENT_PROJECT_VERSION = 1;
				DEVELOPMENT_TEAM = WNPJ6NA9W4;
				GENERATE_INFOPLIST_FILE = YES;
				INFOPLIST_FILE = ProgramaticUIKIT/Info.plist;
				INFOPLIST_KEY_UIApplicationSupportsIndirectInputEvents = YES;
				INFOPLIST_KEY_UILaunchStoryboardName = LaunchScreen;
				INFOPLIST_KEY_UIMainStoryboardFile = Main;
				INFOPLIST_KEY_UISupportedInterfaceOrientations_iPad = "UIInterfaceOrientationPortrait UIInterfaceOrientationPortraitUpsideDown UIInterfaceOrientationLandscapeLeft UIInterfaceOrientationLandscapeRight";
				INFOPLIST_KEY_UISupportedInterfaceOrientations_iPhone = "UIInterfaceOrientationPortrait UIInterfaceOrientationLandscapeLeft UIInterfaceOrientationLandscapeRight";
				LD_RUNPATH_SEARCH_PATHS = (
					"$(inherited)",
					"@executable_path/Frameworks",
				);
				MARKETING_VERSION = 1.0;
				PRODUCT_BUNDLE_IDENTIFIER = com.sandesh.ProgramaticUIKIT;
				PRODUCT_NAME = "$(TARGET_NAME)";
				SWIFT_EMIT_LOC_STRINGS = YES;
				SWIFT_VERSION = 5.0;
				TARGETED_DEVICE_FAMILY = "1,2";
			};
			name = Debug;
		};
		BCBA1CB82CB3F973003CA872 /* Release */ = {
			isa = XCBuildConfiguration;
			buildSettings = {
				ASSETCATALOG_COMPILER_APPICON_NAME = AppIcon;
				ASSETCATALOG_COMPILER_GLOBAL_ACCENT_COLOR_NAME = AccentColor;
				CODE_SIGN_STYLE = Automatic;
				CURRENT_PROJECT_VERSION = 1;
				DEVELOPMENT_TEAM = WNPJ6NA9W4;
				GENERATE_INFOPLIST_FILE = YES;
				INFOPLIST_FILE = ProgramaticUIKIT/Info.plist;
				INFOPLIST_KEY_UIApplicationSupportsIndirectInputEvents = YES;
				INFOPLIST_KEY_UILaunchStoryboardName = LaunchScreen;
				INFOPLIST_KEY_UIMainStoryboardFile = Main;
				INFOPLIST_KEY_UISupportedInterfaceOrientations_iPad = "UIInterfaceOrientationPortrait UIInterfaceOrientationPortraitUpsideDown UIInterfaceOrientationLandscapeLeft UIInterfaceOrientationLandscapeRight";
				INFOPLIST_KEY_UISupportedInterfaceOrientations_iPhone = "UIInterfaceOrientationPortrait UIInterfaceOrientationLandscapeLeft UIInterfaceOrientationLandscapeRight";
				LD_RUNPATH_SEARCH_PATHS = (
					"$(inherited)",
					"@executable_path/Frameworks",
				);
				MARKETING_VERSION = 1.0;
				PRODUCT_BUNDLE_IDENTIFIER = com.sandesh.ProgramaticUIKIT;
				PRODUCT_NAME = "$(TARGET_NAME)";
				SWIFT_EMIT_LOC_STRINGS = YES;
				SWIFT_VERSION = 5.0;
				TARGETED_DEVICE_FAMILY = "1,2";
			};
			name = Release;
		};
		BCBA1CB92CB3F973003CA872 /* Debug */ = {
			isa = XCBuildConfiguration;
			buildSettings = {
				ALWAYS_SEARCH_USER_PATHS = NO;
				ASSETCATALOG_COMPILER_GENERATE_SWIFT_ASSET_SYMBOL_EXTENSIONS = YES;
				CLANG_ANALYZER_NONNULL = YES;
				CLANG_ANALYZER_NUMBER_OBJECT_CONVERSION = YES_AGGRESSIVE;
				CLANG_CXX_LANGUAGE_STANDARD = "gnu++20";
				CLANG_ENABLE_MODULES = YES;
				CLANG_ENABLE_OBJC_ARC = YES;
				CLANG_ENABLE_OBJC_WEAK = YES;
				CLANG_WARN_BLOCK_CAPTURE_AUTORELEASING = YES;
				CLANG_WARN_BOOL_CONVERSION = YES;
				CLANG_WARN_COMMA = YES;
				CLANG_WARN_CONSTANT_CONVERSION = YES;
				CLANG_WARN_DEPRECATED_OBJC_IMPLEMENTATIONS = YES;
				CLANG_WARN_DIRECT_OBJC_ISA_USAGE = YES_ERROR;
				CLANG_WARN_DOCUMENTATION_COMMENTS = YES;
				CLANG_WARN_EMPTY_BODY = YES;
				CLANG_WARN_ENUM_CONVERSION = YES;
				CLANG_WARN_INFINITE_RECURSION = YES;
				CLANG_WARN_INT_CONVERSION = YES;
				CLANG_WARN_NON_LITERAL_NULL_CONVERSION = YES;
				CLANG_WARN_OBJC_IMPLICIT_RETAIN_SELF = YES;
				CLANG_WARN_OBJC_LITERAL_CONVERSION = YES;
				CLANG_WARN_OBJC_ROOT_CLASS = YES_ERROR;
				CLANG_WARN_QUOTED_INCLUDE_IN_FRAMEWORK_HEADER = YES;
				CLANG_WARN_RANGE_LOOP_ANALYSIS = YES;
				CLANG_WARN_STRICT_PROTOTYPES = YES;
				CLANG_WARN_SUSPICIOUS_MOVE = YES;
				CLANG_WARN_UNGUARDED_AVAILABILITY = YES_AGGRESSIVE;
				CLANG_WARN_UNREACHABLE_CODE = YES;
				CLANG_WARN__DUPLICATE_METHOD_MATCH = YES;
				COPY_PHASE_STRIP = NO;
				DEBUG_INFORMATION_FORMAT = dwarf;
				ENABLE_STRICT_OBJC_MSGSEND = YES;
				ENABLE_TESTABILITY = YES;
				ENABLE_USER_SCRIPT_SANDBOXING = YES;
				GCC_C_LANGUAGE_STANDARD = gnu17;
				GCC_DYNAMIC_NO_PIC = NO;
				GCC_NO_COMMON_BLOCKS = YES;
				GCC_OPTIMIZATION_LEVEL = 0;
				GCC_PREPROCESSOR_DEFINITIONS = (
					"DEBUG=1",
					"$(inherited)",
				);
				GCC_WARN_64_TO_32_BIT_CONVERSION = YES;
				GCC_WARN_ABOUT_RETURN_TYPE = YES_ERROR;
				GCC_WARN_UNDECLARED_SELECTOR = YES;
				GCC_WARN_UNINITIALIZED_AUTOS = YES_AGGRESSIVE;
				GCC_WARN_UNUSED_FUNCTION = YES;
				GCC_WARN_UNUSED_VARIABLE = YES;
				IPHONEOS_DEPLOYMENT_TARGET = 18.0;
				LOCALIZATION_PREFERS_STRING_CATALOGS = YES;
				MTL_ENABLE_DEBUG_INFO = INCLUDE_SOURCE;
				MTL_FAST_MATH = YES;
				ONLY_ACTIVE_ARCH = YES;
				SDKROOT = iphoneos;
				SWIFT_ACTIVE_COMPILATION_CONDITIONS = "DEBUG $(inherited)";
				SWIFT_OPTIMIZATION_LEVEL = "-Onone";
			};
			name = Debug;
		};
		BCBA1CBA2CB3F973003CA872 /* Release */ = {
			isa = XCBuildConfiguration;
			buildSettings = {
				ALWAYS_SEARCH_USER_PATHS = NO;
				ASSETCATALOG_COMPILER_GENERATE_SWIFT_ASSET_SYMBOL_EXTENSIONS = YES;
				CLANG_ANALYZER_NONNULL = YES;
				CLANG_ANALYZER_NUMBER_OBJECT_CONVERSION = YES_AGGRESSIVE;
				CLANG_CXX_LANGUAGE_STANDARD = "gnu++20";
				CLANG_ENABLE_MODULES = YES;
				CLANG_ENABLE_OBJC_ARC = YES;
				CLANG_ENABLE_OBJC_WEAK = YES;
				CLANG_WARN_BLOCK_CAPTURE_AUTORELEASING = YES;
				CLANG_WARN_BOOL_CONVERSION = YES;
				CLANG_WARN_COMMA = YES;
				CLANG_WARN_CONSTANT_CONVERSION = YES;
				CLANG_WARN_DEPRECATED_OBJC_IMPLEMENTATIONS = YES;
				CLANG_WARN_DIRECT_OBJC_ISA_USAGE = YES_ERROR;
				CLANG_WARN_DOCUMENTATION_COMMENTS = YES;
				CLANG_WARN_EMPTY_BODY = YES;
				CLANG_WARN_ENUM_CONVERSION = YES;
				CLANG_WARN_INFINITE_RECURSION = YES;
				CLANG_WARN_INT_CONVERSION = YES;
				CLANG_WARN_NON_LITERAL_NULL_CONVERSION = YES;
				CLANG_WARN_OBJC_IMPLICIT_RETAIN_SELF = YES;
				CLANG_WARN_OBJC_LITERAL_CONVERSION = YES;
				CLANG_WARN_OBJC_ROOT_CLASS = YES_ERROR;
				CLANG_WARN_QUOTED_INCLUDE_IN_FRAMEWORK_HEADER = YES;
				CLANG_WARN_RANGE_LOOP_ANALYSIS = YES;
				CLANG_WARN_STRICT_PROTOTYPES = YES;
				CLANG_WARN_SUSPICIOUS_MOVE = YES;
				CLANG_WARN_UNGUARDED_AVAILABILITY = YES_AGGRESSIVE;
				CLANG_WARN_UNREACHABLE_CODE = YES;
				CLANG_WARN__DUPLICATE_METHOD_MATCH = YES;
				COPY_PHASE_STRIP = NO;
				DEBUG_INFORMATION_FORMAT = "dwarf-with-dsym";
				ENABLE_NS_ASSERTIONS = NO;
				ENABLE_STRICT_OBJC_MSGSEND = YES;
				ENABLE_USER_SCRIPT_SANDBOXING = YES;
				GCC_C_LANGUAGE_STANDARD = gnu17;
				GCC_NO_COMMON_BLOCKS = YES;
				GCC_WARN_64_TO_32_BIT_CONVERSION = YES;
				GCC_WARN_ABOUT_RETURN_TYPE = YES_ERROR;
				GCC_WARN_UNDECLARED_SELECTOR = YES;
				GCC_WARN_UNINITIALIZED_AUTOS = YES_AGGRESSIVE;
				GCC_WARN_UNUSED_FUNCTION = YES;
				GCC_WARN_UNUSED_VARIABLE = YES;
				IPHONEOS_DEPLOYMENT_TARGET = 18.0;
				LOCALIZATION_PREFERS_STRING_CATALOGS = YES;
				MTL_ENABLE_DEBUG_INFO = NO;
				MTL_FAST_MATH = YES;
				SDKROOT = iphoneos;
				SWIFT_COMPILATION_MODE = wholemodule;
				VALIDATE_PRODUCT = YES;
			};
			name = Release;
		};
		BCBA1CBC2CB3F973003CA872 /* Debug */ = {
			isa = XCBuildConfiguration;
			buildSettings = {
				BUNDLE_LOADER = "$(TEST_HOST)";
				CODE_SIGN_STYLE = Automatic;
				CURRENT_PROJECT_VERSION = 1;
				DEVELOPMENT_TEAM = WNPJ6NA9W4;
				GENERATE_INFOPLIST_FILE = YES;
				IPHONEOS_DEPLOYMENT_TARGET = 18.0;
				MARKETING_VERSION = 1.0;
				PRODUCT_BUNDLE_IDENTIFIER = com.sandesh.ProgramaticUIKITTests;
				PRODUCT_NAME = "$(TARGET_NAME)";
				SWIFT_EMIT_LOC_STRINGS = NO;
				SWIFT_VERSION = 5.0;
				TARGETED_DEVICE_FAMILY = "1,2";
				TEST_HOST = "$(BUILT_PRODUCTS_DIR)/ProgramaticUIKIT.app/$(BUNDLE_EXECUTABLE_FOLDER_PATH)/ProgramaticUIKIT";
			};
			name = Debug;
		};
		BCBA1CBD2CB3F973003CA872 /* Release */ = {
			isa = XCBuildConfiguration;
			buildSettings = {
				BUNDLE_LOADER = "$(TEST_HOST)";
				CODE_SIGN_STYLE = Automatic;
				CURRENT_PROJECT_VERSION = 1;
				DEVELOPMENT_TEAM = WNPJ6NA9W4;
				GENERATE_INFOPLIST_FILE = YES;
				IPHONEOS_DEPLOYMENT_TARGET = 18.0;
				MARKETING_VERSION = 1.0;
				PRODUCT_BUNDLE_IDENTIFIER = com.sandesh.ProgramaticUIKITTests;
				PRODUCT_NAME = "$(TARGET_NAME)";
				SWIFT_EMIT_LOC_STRINGS = NO;
				SWIFT_VERSION = 5.0;
				TARGETED_DEVICE_FAMILY = "1,2";
				TEST_HOST = "$(BUILT_PRODUCTS_DIR)/ProgramaticUIKIT.app/$(BUNDLE_EXECUTABLE_FOLDER_PATH)/ProgramaticUIKIT";
			};
			name = Release;
		};
		BCBA1CBF2CB3F973003CA872 /* Debug */ = {
			isa = XCBuildConfiguration;
			buildSettings = {
				CODE_SIGN_STYLE = Automatic;
				CURRENT_PROJECT_VERSION = 1;
				DEVELOPMENT_TEAM = WNPJ6NA9W4;
				GENERATE_INFOPLIST_FILE = YES;
				MARKETING_VERSION = 1.0;
				PRODUCT_BUNDLE_IDENTIFIER = com.sandesh.ProgramaticUIKITUITests;
				PRODUCT_NAME = "$(TARGET_NAME)";
				SWIFT_EMIT_LOC_STRINGS = NO;
				SWIFT_VERSION = 5.0;
				TARGETED_DEVICE_FAMILY = "1,2";
				TEST_TARGET_NAME = ProgramaticUIKIT;
			};
			name = Debug;
		};
		BCBA1CC02CB3F973003CA872 /* Release */ = {
			isa = XCBuildConfiguration;
			buildSettings = {
				CODE_SIGN_STYLE = Automatic;
				CURRENT_PROJECT_VERSION = 1;
				DEVELOPMENT_TEAM = WNPJ6NA9W4;
				GENERATE_INFOPLIST_FILE = YES;
				MARKETING_VERSION = 1.0;
				PRODUCT_BUNDLE_IDENTIFIER = com.sandesh.ProgramaticUIKITUITests;
				PRODUCT_NAME = "$(TARGET_NAME)";
				SWIFT_EMIT_LOC_STRINGS = NO;
				SWIFT_VERSION = 5.0;
				TARGETED_DEVICE_FAMILY = "1,2";
				TEST_TARGET_NAME = ProgramaticUIKIT;
			};
			name = Release;
		};
/* End XCBuildConfiguration section */

/* Begin XCConfigurationList section */
		BCBA1C882CB3F971003CA872 /* Build configuration list for PBXProject "ProgramaticUIKIT" */ = {
			isa = XCConfigurationList;
			buildConfigurations = (
				BCBA1CB92CB3F973003CA872 /* Debug */,
				BCBA1CBA2CB3F973003CA872 /* Release */,
			);
			defaultConfigurationIsVisible = 0;
			defaultConfigurationName = Release;
		};
		BCBA1CB62CB3F973003CA872 /* Build configuration list for PBXNativeTarget "ProgramaticUIKIT" */ = {
			isa = XCConfigurationList;
			buildConfigurations = (
				BCBA1CB72CB3F973003CA872 /* Debug */,
				BCBA1CB82CB3F973003CA872 /* Release */,
			);
			defaultConfigurationIsVisible = 0;
			defaultConfigurationName = Release;
		};
		BCBA1CBB2CB3F973003CA872 /* Build configuration list for PBXNativeTarget "ProgramaticUIKITTests" */ = {
			isa = XCConfigurationList;
			buildConfigurations = (
				BCBA1CBC2CB3F973003CA872 /* Debug */,
				BCBA1CBD2CB3F973003CA872 /* Release */,
			);
			defaultConfigurationIsVisible = 0;
			defaultConfigurationName = Release;
		};
		BCBA1CBE2CB3F973003CA872 /* Build configuration list for PBXNativeTarget "ProgramaticUIKITUITests" */ = {
			isa = XCConfigurationList;
			buildConfigurations = (
				BCBA1CBF2CB3F973003CA872 /* Debug */,
				BCBA1CC02CB3F973003CA872 /* Release */,
			);
			defaultConfigurationIsVisible = 0;
			defaultConfigurationName = Release;
		};
/* End XCConfigurationList section */
	};
	rootObject = BCBA1C852CB3F971003CA872 /* Project object */;
}
